
Microsoft Visual Studio Solution File, Format Version 12.00
# Visual Studio Version 17
VisualStudioVersion = 17.11.35303.130
MinimumVisualStudioVersion = 10.0.40219.1
Project("{2150E333-8FDC-42A3-9474-1A3956D46DE8}") = "Task0", "Task0", "{42DF8989-1A68-4259-ABD1-6DE5C31E858F}"
EndProject
Project("{9A19103F-16F7-4668-BE54-9A1E7A4F7556}") = "Tyuiu.KhrapovDY.Sprint0.Task0.V0", "Tyuiu.KhrapovDY.Sprint0.Task0.V0\Tyuiu.KhrapovDY.Sprint0.Task0.V0.csproj", "{33D49DF6-5471-46C7-9EC4-49E8CBFB136E}"
EndProject
Project("{2150E333-8FDC-42A3-9474-1A3956D46DE8}") = "Task1", "Task1", "{7581D487-7469-49F3-BAB6-67E6F6E0F313}"
EndProject
Project("{9A19103F-16F7-4668-BE54-9A1E7A4F7556}") = "Tyuiu.KhrapovDY.Sprint0.Task1.V0", "Tyuiu.KhrapovDY.Sprint0.Task1.V0\Tyuiu.KhrapovDY.Sprint0.Task1.V0.csproj", "{FA876648-68C6-42B7-B47F-FB0CABA4819C}"
EndProject
Project("{2150E333-8FDC-42A3-9474-1A3956D46DE8}") = "Task2", "Task2", "{2D12333F-FDF3-4B29-816E-0FF5C96A3746}"
EndProject
Project("{9A19103F-16F7-4668-BE54-9A1E7A4F7556}") = "Tyuiu.KhrapovDY.Sprint0.Task2.V0", "Tyuiu.KhrapovDY.Sprint0.Task2.V0\Tyuiu.KhrapovDY.Sprint0.Task2.V0.csproj", "{5282148B-5850-4440-B72C-F8C19951FAB4}"
EndProject
Project("{9A19103F-16F7-4668-BE54-9A1E7A4F7556}") = "Tyuiu.KhrapovDY.Sprint0.Task2.V0.Lib", "Tyuiu.KhrapovDY.Sprint0.Task2.V0.Lib\Tyuiu.KhrapovDY.Sprint0.Task2.V0.Lib.csproj", "{4EB39305-4963-4E7D-80BF-69FA2D90D039}"
EndProject
Project("{9A19103F-16F7-4668-BE54-9A1E7A4F7556}") = "Tyuiu.KhrapovDY.Sprint0.Task2.V0.Test", "Tyuiu.KhrapovDY.Sprint0.Task2.V0.Test\Tyuiu.KhrapovDY.Sprint0.Task2.V0.Test.csproj", "{45A5CFAA-E3CE-49F1-87B5-CD918A8E8D39}"
EndProject
Project("{2150E333-8FDC-42A3-9474-1A3956D46DE8}") = "Task3", "Task3", "{B72D905B-29EF-4862-905B-8EA2D9BE9932}"
EndProject
Project("{9A19103F-16F7-4668-BE54-9A1E7A4F7556}") = "Tyuiu.KhrapovDY.Sprint0.Task3.V0", "Tyuiu.KhrapovDY.Sprint0.Task3.V0\Tyuiu.KhrapovDY.Sprint0.Task3.V0.csproj", "{61EC341D-820A-493A-8CD0-DB91AF92D6A7}"
EndProject
Project("{9A19103F-16F7-4668-BE54-9A1E7A4F7556}") = "Tyuiu.KhrapovDY.Sprint0.Task3.V0.Lib", "Tyuiu.KhrapovDY.Sprint0.Task3.V0.Lib\Tyuiu.KhrapovDY.Sprint0.Task3.V0.Lib.csproj", "{366DC7B9-4097-4504-822A-DE2298CE46FB}"
EndProject
Project("{9A19103F-16F7-4668-BE54-9A1E7A4F7556}") = "Tyuiu.KhrapovDY.Sprint0.Task3.V0.Test", "Tyuiu.KhrapovDY.Sprint0.Task3.V0.Test\Tyuiu.KhrapovDY.Sprint0.Task3.V0.Test.csproj", "{9C95E136-A26D-4DB8-8B9C-C7AA8386D002}"
EndProject
Project("{2150E333-8FDC-42A3-9474-1A3956D46DE8}") = "Task4", "Task4", "{802BF2EA-A243-4FEF-8DB8-CDB416F634CF}"
EndProject
Project("{9A19103F-16F7-4668-BE54-9A1E7A4F7556}") = "Tyuiu.KhrapovDY.Sprint0.Task4.V0", "Tyuiu.KhrapovDY.Sprint0.Task4.V0\Tyuiu.KhrapovDY.Sprint0.Task4.V0.csproj", "{0143E766-73D2-4663-9A17-E5139D74A589}"
EndProject
Project("{9A19103F-16F7-4668-BE54-9A1E7A4F7556}") = "Tyuiu.KhrapovDY.Sprint0.Task4.V0.Lib", "Tyuiu.KhrapovDY.Sprint0.Task4.V0.Lib\Tyuiu.KhrapovDY.Sprint0.Task4.V0.Lib.csproj", "{BF2826DB-4144-4628-B86E-396822CE4D2D}"
EndProject
Project("{9A19103F-16F7-4668-BE54-9A1E7A4F7556}") = "Tyuiu.KhrapovDY.Sprint0.Task4.V0.Test", "Tyuiu.KhrapovDY.Sprint0.Task4.V0.Test\Tyuiu.KhrapovDY.Sprint0.Task4.V0.Test.csproj", "{D3AA143A-84C1-40C9-9101-000F39EFF4A8}"
EndProject
Project("{2150E333-8FDC-42A3-9474-1A3956D46DE8}") = "Task5", "Task5", "{1C72AE1D-924B-419C-82F3-8F52BD142EEA}"
EndProject
Project("{9A19103F-16F7-4668-BE54-9A1E7A4F7556}") = "Tyuiu.KhrapovDY.Sprint0.Task5.V0", "Tyuiu.KhrapovDY.Sprint0.Task5.V0\Tyuiu.KhrapovDY.Sprint0.Task5.V0.csproj", "{FB73B68B-CA78-442B-9CB6-184BAABEBCDD}"
EndProject
Project("{9A19103F-16F7-4668-BE54-9A1E7A4F7556}") = "Tyuiu.KhrapovDY.Sprint0.Task5.V0.Lib", "Tyuiu.KhrapovDY.Sprint0.Task5.V0.Lib\Tyuiu.KhrapovDY.Sprint0.Task5.V0.Lib.csproj", "{2618E9F2-8CBC-4F5C-BF11-90E5479A7589}"
EndProject
Project("{9A19103F-16F7-4668-BE54-9A1E7A4F7556}") = "Tyuiu.KhrapovDY.Sprint0.Task5.V0.Test", "Tyuiu.KhrapovDY.Sprint0.Task5.V0.Test\Tyuiu.KhrapovDY.Sprint0.Task5.V0.Test.csproj", "{28714C58-BC10-4940-A3CF-8B7B55467B7B}"
EndProject
Project("{2150E333-8FDC-42A3-9474-1A3956D46DE8}") = "Task6", "Task6", "{2B354BA7-B0D6-45F3-ACD0-DB430603ECB0}"
EndProject
Project("{FAE04EC0-301F-11D3-BF4B-00C04F79EFBC}") = "Tyuiu.KhrapovDY.Sprint0.Task6.V0", "Tyuiu.KhrapovDY.Sprint0.Task6.V0\Tyuiu.KhrapovDY.Sprint0.Task6.V0.csproj", "{E737A157-94CB-46C8-9486-590A9CFDE913}"
EndProject
Project("{FAE04EC0-301F-11D3-BF4B-00C04F79EFBC}") = "Tyuiu.KhrapovDY.Sprint0.Task6.V0.Lib", "Tyuiu.KhrapovDY.Sprint0.Task6.V0.Lib\Tyuiu.KhrapovDY.Sprint0.Task6.V0.Lib.csproj", "{0FEE3E6F-6B86-4668-9F4E-59E5152AD246}"
EndProject
Project("{FAE04EC0-301F-11D3-BF4B-00C04F79EFBC}") = "Tyuiu.KhrapovDY.Sprint0.Task6.V0.Test", "Tyuiu.KhrapovDY.Sprint0.Task6.V0.Test\Tyuiu.KhrapovDY.Sprint0.Task6.V0.Test.csproj", "{8DB4C4F2-B993-403B-B8B0-00FD88D05E06}"
EndProject
Global
	GlobalSection(SolutionConfigurationPlatforms) = preSolution
		Debug|Any CPU = Debug|Any CPU
		Release|Any CPU = Release|Any CPU
	EndGlobalSection
	GlobalSection(ProjectConfigurationPlatforms) = postSolution
		{33D49DF6-5471-46C7-9EC4-49E8CBFB136E}.Debug|Any CPU.ActiveCfg = Debug|Any CPU
		{33D49DF6-5471-46C7-9EC4-49E8CBFB136E}.Debug|Any CPU.Build.0 = Debug|Any CPU
		{33D49DF6-5471-46C7-9EC4-49E8CBFB136E}.Release|Any CPU.ActiveCfg = Release|Any CPU
		{33D49DF6-5471-46C7-9EC4-49E8CBFB136E}.Release|Any CPU.Build.0 = Release|Any CPU
		{FA876648-68C6-42B7-B47F-FB0CABA4819C}.Debug|Any CPU.ActiveCfg = Debug|Any CPU
		{FA876648-68C6-42B7-B47F-FB0CABA4819C}.Debug|Any CPU.Build.0 = Debug|Any CPU
		{FA876648-68C6-42B7-B47F-FB0CABA4819C}.Release|Any CPU.ActiveCfg = Release|Any CPU
		{FA876648-68C6-42B7-B47F-FB0CABA4819C}.Release|Any CPU.Build.0 = Release|Any CPU
		{5282148B-5850-4440-B72C-F8C19951FAB4}.Debug|Any CPU.ActiveCfg = Debug|Any CPU
		{5282148B-5850-4440-B72C-F8C19951FAB4}.Debug|Any CPU.Build.0 = Debug|Any CPU
		{5282148B-5850-4440-B72C-F8C19951FAB4}.Release|Any CPU.ActiveCfg = Release|Any CPU
		{5282148B-5850-4440-B72C-F8C19951FAB4}.Release|Any CPU.Build.0 = Release|Any CPU
		{4EB39305-4963-4E7D-80BF-69FA2D90D039}.Debug|Any CPU.ActiveCfg = Debug|Any CPU
		{4EB39305-4963-4E7D-80BF-69FA2D90D039}.Debug|Any CPU.Build.0 = Debug|Any CPU
		{4EB39305-4963-4E7D-80BF-69FA2D90D039}.Release|Any CPU.ActiveCfg = Release|Any CPU
		{4EB39305-4963-4E7D-80BF-69FA2D90D039}.Release|Any CPU.Build.0 = Release|Any CPU
		{45A5CFAA-E3CE-49F1-87B5-CD918A8E8D39}.Debug|Any CPU.ActiveCfg = Debug|Any CPU
		{45A5CFAA-E3CE-49F1-87B5-CD918A8E8D39}.Debug|Any CPU.Build.0 = Debug|Any CPU
		{45A5CFAA-E3CE-49F1-87B5-CD918A8E8D39}.Release|Any CPU.ActiveCfg = Release|Any CPU
		{45A5CFAA-E3CE-49F1-87B5-CD918A8E8D39}.Release|Any CPU.Build.0 = Release|Any CPU
		{61EC341D-820A-493A-8CD0-DB91AF92D6A7}.Debug|Any CPU.ActiveCfg = Debug|Any CPU
		{61EC341D-820A-493A-8CD0-DB91AF92D6A7}.Debug|Any CPU.Build.0 = Debug|Any CPU
		{61EC341D-820A-493A-8CD0-DB91AF92D6A7}.Release|Any CPU.ActiveCfg = Release|Any CPU
		{61EC341D-820A-493A-8CD0-DB91AF92D6A7}.Release|Any CPU.Build.0 = Release|Any CPU
		{366DC7B9-4097-4504-822A-DE2298CE46FB}.Debug|Any CPU.ActiveCfg = Debug|Any CPU
		{366DC7B9-4097-4504-822A-DE2298CE46FB}.Debug|Any CPU.Build.0 = Debug|Any CPU
		{366DC7B9-4097-4504-822A-DE2298CE46FB}.Release|Any CPU.ActiveCfg = Release|Any CPU
		{366DC7B9-4097-4504-822A-DE2298CE46FB}.Release|Any CPU.Build.0 = Release|Any CPU
		{9C95E136-A26D-4DB8-8B9C-C7AA8386D002}.Debug|Any CPU.ActiveCfg = Debug|Any CPU
		{9C95E136-A26D-4DB8-8B9C-C7AA8386D002}.Debug|Any CPU.Build.0 = Debug|Any CPU
		{9C95E136-A26D-4DB8-8B9C-C7AA8386D002}.Release|Any CPU.ActiveCfg = Release|Any CPU
		{9C95E136-A26D-4DB8-8B9C-C7AA8386D002}.Release|Any CPU.Build.0 = Release|Any CPU
		{0143E766-73D2-4663-9A17-E5139D74A589}.Debug|Any CPU.ActiveCfg = Debug|Any CPU
		{0143E766-73D2-4663-9A17-E5139D74A589}.Debug|Any CPU.Build.0 = Debug|Any CPU
		{0143E766-73D2-4663-9A17-E5139D74A589}.Release|Any CPU.ActiveCfg = Release|Any CPU
		{0143E766-73D2-4663-9A17-E5139D74A589}.Release|Any CPU.Build.0 = Release|Any CPU
		{BF2826DB-4144-4628-B86E-396822CE4D2D}.Debug|Any CPU.ActiveCfg = Debug|Any CPU
		{BF2826DB-4144-4628-B86E-396822CE4D2D}.Debug|Any CPU.Build.0 = Debug|Any CPU
		{BF2826DB-4144-4628-B86E-396822CE4D2D}.Release|Any CPU.ActiveCfg = Release|Any CPU
		{BF2826DB-4144-4628-B86E-396822CE4D2D}.Release|Any CPU.Build.0 = Release|Any CPU
		{D3AA143A-84C1-40C9-9101-000F39EFF4A8}.Debug|Any CPU.ActiveCfg = Debug|Any CPU
		{D3AA143A-84C1-40C9-9101-000F39EFF4A8}.Debug|Any CPU.Build.0 = Debug|Any CPU
		{D3AA143A-84C1-40C9-9101-000F39EFF4A8}.Release|Any CPU.ActiveCfg = Release|Any CPU
		{D3AA143A-84C1-40C9-9101-000F39EFF4A8}.Release|Any CPU.Build.0 = Release|Any CPU
		{FB73B68B-CA78-442B-9CB6-184BAABEBCDD}.Debug|Any CPU.ActiveCfg = Debug|Any CPU
		{FB73B68B-CA78-442B-9CB6-184BAABEBCDD}.Debug|Any CPU.Build.0 = Debug|Any CPU
		{FB73B68B-CA78-442B-9CB6-184BAABEBCDD}.Release|Any CPU.ActiveCfg = Release|Any CPU
		{FB73B68B-CA78-442B-9CB6-184BAABEBCDD}.Release|Any CPU.Build.0 = Release|Any CPU
		{2618E9F2-8CBC-4F5C-BF11-90E5479A7589}.Debug|Any CPU.ActiveCfg = Debug|Any CPU
		{2618E9F2-8CBC-4F5C-BF11-90E5479A7589}.Debug|Any CPU.Build.0 = Debug|Any CPU
		{2618E9F2-8CBC-4F5C-BF11-90E5479A7589}.Release|Any CPU.ActiveCfg = Release|Any CPU
		{2618E9F2-8CBC-4F5C-BF11-90E5479A7589}.Release|Any CPU.Build.0 = Release|Any CPU
		{28714C58-BC10-4940-A3CF-8B7B55467B7B}.Debug|Any CPU.ActiveCfg = Debug|Any CPU
		{28714C58-BC10-4940-A3CF-8B7B55467B7B}.Debug|Any CPU.Build.0 = Debug|Any CPU
		{28714C58-BC10-4940-A3CF-8B7B55467B7B}.Release|Any CPU.ActiveCfg = Release|Any CPU
		{28714C58-BC10-4940-A3CF-8B7B55467B7B}.Release|Any CPU.Build.0 = Release|Any CPU
		{E737A157-94CB-46C8-9486-590A9CFDE913}.Debug|Any CPU.ActiveCfg = Debug|Any CPU
		{E737A157-94CB-46C8-9486-590A9CFDE913}.Debug|Any CPU.Build.0 = Debug|Any CPU
		{E737A157-94CB-46C8-9486-590A9CFDE913}.Release|Any CPU.ActiveCfg = Release|Any CPU
		{E737A157-94CB-46C8-9486-590A9CFDE913}.Release|Any CPU.Build.0 = Release|Any CPU
		{0FEE3E6F-6B86-4668-9F4E-59E5152AD246}.Debug|Any CPU.ActiveCfg = Debug|Any CPU
		{0FEE3E6F-6B86-4668-9F4E-59E5152AD246}.Debug|Any CPU.Build.0 = Debug|Any CPU
		{0FEE3E6F-6B86-4668-9F4E-59E5152AD246}.Release|Any CPU.ActiveCfg = Release|Any CPU
		{0FEE3E6F-6B86-4668-9F4E-59E5152AD246}.Release|Any CPU.Build.0 = Release|Any CPU
		{8DB4C4F2-B993-403B-B8B0-00FD88D05E06}.Debug|Any CPU.ActiveCfg = Debug|Any CPU
		{8DB4C4F2-B993-403B-B8B0-00FD88D05E06}.Debug|Any CPU.Build.0 = Debug|Any CPU
		{8DB4C4F2-B993-403B-B8B0-00FD88D05E06}.Release|Any CPU.ActiveCfg = Release|Any CPU
		{8DB4C4F2-B993-403B-B8B0-00FD88D05E06}.Release|Any CPU.Build.0 = Release|Any CPU
	EndGlobalSection
	GlobalSection(SolutionProperties) = preSolution
		HideSolutionNode = FALSE
	EndGlobalSection
	GlobalSection(NestedProjects) = preSolution
		{33D49DF6-5471-46C7-9EC4-49E8CBFB136E} = {42DF8989-1A68-4259-ABD1-6DE5C31E858F}
		{FA876648-68C6-42B7-B47F-FB0CABA4819C} = {7581D487-7469-49F3-BAB6-67E6F6E0F313}
		{5282148B-5850-4440-B72C-F8C19951FAB4} = {2D12333F-FDF3-4B29-816E-0FF5C96A3746}
		{4EB39305-4963-4E7D-80BF-69FA2D90D039} = {2D12333F-FDF3-4B29-816E-0FF5C96A3746}
		{45A5CFAA-E3CE-49F1-87B5-CD918A8E8D39} = {2D12333F-FDF3-4B29-816E-0FF5C96A3746}
		{61EC341D-820A-493A-8CD0-DB91AF92D6A7} = {B72D905B-29EF-4862-905B-8EA2D9BE9932}
		{366DC7B9-4097-4504-822A-DE2298CE46FB} = {B72D905B-29EF-4862-905B-8EA2D9BE9932}
		{9C95E136-A26D-4DB8-8B9C-C7AA8386D002} = {B72D905B-29EF-4862-905B-8EA2D9BE9932}
		{0143E766-73D2-4663-9A17-E5139D74A589} = {802BF2EA-A243-4FEF-8DB8-CDB416F634CF}
		{BF2826DB-4144-4628-B86E-396822CE4D2D} = {802BF2EA-A243-4FEF-8DB8-CDB416F634CF}
		{D3AA143A-84C1-40C9-9101-000F39EFF4A8} = {802BF2EA-A243-4FEF-8DB8-CDB416F634CF}
		{FB73B68B-CA78-442B-9CB6-184BAABEBCDD} = {1C72AE1D-924B-419C-82F3-8F52BD142EEA}
		{2618E9F2-8CBC-4F5C-BF11-90E5479A7589} = {1C72AE1D-924B-419C-82F3-8F52BD142EEA}
		{28714C58-BC10-4940-A3CF-8B7B55467B7B} = {1C72AE1D-924B-419C-82F3-8F52BD142EEA}
		{E737A157-94CB-46C8-9486-590A9CFDE913} = {2B354BA7-B0D6-45F3-ACD0-DB430603ECB0}
		{0FEE3E6F-6B86-4668-9F4E-59E5152AD246} = {2B354BA7-B0D6-45F3-ACD0-DB430603ECB0}
		{8DB4C4F2-B993-403B-B8B0-00FD88D05E06} = {2B354BA7-B0D6-45F3-ACD0-DB430603ECB0}
	EndGlobalSection
	GlobalSection(ExtensibilityGlobals) = postSolution
		SolutionGuid = {CA6E555B-1229-4CBA-BE79-C1EC0D4769F5}
	EndGlobalSection
EndGlobal
